
Microsoft Visual Studio Solution File, Format Version 12.00
# Visual Studio Version 17
VisualStudioVersion = 17.13.35919.96
MinimumVisualStudioVersion = 10.0.40219.1
Project("{FAE04EC0-301F-11D3-BF4B-00C04F79EFBC}") = "Topicos", "Topicos\Topicos.csproj", "{38861091-795C-4FA2-9C14-333F8CE64840}"
EndProject
Project("{FAE04EC0-301F-11D3-BF4B-00C04F79EFBC}") = "ConcurrenciaSumaPrimos", "ConcurrenciaSumaPrimos\ConcurrenciaSumaPrimos.csproj", "{48C9D3DC-D0FB-49F7-AD41-1AFC53BEB839}"
EndProject
Project("{FAE04EC0-301F-11D3-BF4B-00C04F79EFBC}") = "ComponentesPersonalizados", "ComponentesNuevos\ComponentesPersonalizados.csproj", "{F7257EF8-CDD8-4635-ADDF-20E3C68D1990}"
EndProject
Project("{FAE04EC0-301F-11D3-BF4B-00C04F79EFBC}") = "pruebacomponentes", "pruebacomponentes\pruebacomponentes.csproj", "{A4BC2639-0B6F-47F4-8738-27F91960053C}"
EndProject
Project("{FAE04EC0-301F-11D3-BF4B-00C04F79EFBC}") = "Rivera", "Rivera\Rivera.csproj", "{C0380CDC-BB60-4CD7-B813-CD3C05D3BC7E}"
EndProject
Project("{FAE04EC0-301F-11D3-BF4B-00C04F79EFBC}") = "InterfazGraficaDinamica", "InterfazGraficaDinamica\InterfazGraficaDinamica.csproj", "{0AEF6F3D-2C97-44B0-A22B-7A2F340927AD}"
EndProject
Project("{FAE04EC0-301F-11D3-BF4B-00C04F79EFBC}") = "InterfazWindowsForm", "InterfazWindowsForm\InterfazWindowsForm.csproj", "{3FD174C2-C46C-4C8F-AE0B-9B3B9F42D77F}"
EndProject
Project("{FAE04EC0-301F-11D3-BF4B-00C04F79EFBC}") = "AgendaPersonal", "AgendaPersonal\AgendaPersonal.csproj", "{E9080C0B-6D11-E949-F65B-3F00343F59B9}"
EndProject
Global
	GlobalSection(SolutionConfigurationPlatforms) = preSolution
		Debug|Any CPU = Debug|Any CPU
		Release|Any CPU = Release|Any CPU
	EndGlobalSection
	GlobalSection(ProjectConfigurationPlatforms) = postSolution
		{38861091-795C-4FA2-9C14-333F8CE64840}.Debug|Any CPU.ActiveCfg = Debug|Any CPU
		{38861091-795C-4FA2-9C14-333F8CE64840}.Debug|Any CPU.Build.0 = Debug|Any CPU
		{38861091-795C-4FA2-9C14-333F8CE64840}.Release|Any CPU.ActiveCfg = Release|Any CPU
		{38861091-795C-4FA2-9C14-333F8CE64840}.Release|Any CPU.Build.0 = Release|Any CPU
		{48C9D3DC-D0FB-49F7-AD41-1AFC53BEB839}.Debug|Any CPU.ActiveCfg = Debug|Any CPU
		{48C9D3DC-D0FB-49F7-AD41-1AFC53BEB839}.Debug|Any CPU.Build.0 = Debug|Any CPU
		{48C9D3DC-D0FB-49F7-AD41-1AFC53BEB839}.Release|Any CPU.ActiveCfg = Release|Any CPU
		{48C9D3DC-D0FB-49F7-AD41-1AFC53BEB839}.Release|Any CPU.Build.0 = Release|Any CPU
		{F7257EF8-CDD8-4635-ADDF-20E3C68D1990}.Debug|Any CPU.ActiveCfg = Debug|Any CPU
		{F7257EF8-CDD8-4635-ADDF-20E3C68D1990}.Debug|Any CPU.Build.0 = Debug|Any CPU
		{F7257EF8-CDD8-4635-ADDF-20E3C68D1990}.Release|Any CPU.ActiveCfg = Release|Any CPU
		{F7257EF8-CDD8-4635-ADDF-20E3C68D1990}.Release|Any CPU.Build.0 = Release|Any CPU
		{A4BC2639-0B6F-47F4-8738-27F91960053C}.Debug|Any CPU.ActiveCfg = Debug|Any CPU
		{A4BC2639-0B6F-47F4-8738-27F91960053C}.Debug|Any CPU.Build.0 = Debug|Any CPU
		{A4BC2639-0B6F-47F4-8738-27F91960053C}.Release|Any CPU.ActiveCfg = Release|Any CPU
		{A4BC2639-0B6F-47F4-8738-27F91960053C}.Release|Any CPU.Build.0 = Release|Any CPU
		{C0380CDC-BB60-4CD7-B813-CD3C05D3BC7E}.Debug|Any CPU.ActiveCfg = Debug|Any CPU
		{C0380CDC-BB60-4CD7-B813-CD3C05D3BC7E}.Debug|Any CPU.Build.0 = Debug|Any CPU
		{C0380CDC-BB60-4CD7-B813-CD3C05D3BC7E}.Release|Any CPU.ActiveCfg = Release|Any CPU
		{C0380CDC-BB60-4CD7-B813-CD3C05D3BC7E}.Release|Any CPU.Build.0 = Release|Any CPU
		{0AEF6F3D-2C97-44B0-A22B-7A2F340927AD}.Debug|Any CPU.ActiveCfg = Debug|Any CPU
		{0AEF6F3D-2C97-44B0-A22B-7A2F340927AD}.Debug|Any CPU.Build.0 = Debug|Any CPU
		{0AEF6F3D-2C97-44B0-A22B-7A2F340927AD}.Release|Any CPU.ActiveCfg = Release|Any CPU
		{0AEF6F3D-2C97-44B0-A22B-7A2F340927AD}.Release|Any CPU.Build.0 = Release|Any CPU
		{3FD174C2-C46C-4C8F-AE0B-9B3B9F42D77F}.Debug|Any CPU.ActiveCfg = Debug|Any CPU
		{3FD174C2-C46C-4C8F-AE0B-9B3B9F42D77F}.Debug|Any CPU.Build.0 = Debug|Any CPU
		{3FD174C2-C46C-4C8F-AE0B-9B3B9F42D77F}.Release|Any CPU.ActiveCfg = Release|Any CPU
		{3FD174C2-C46C-4C8F-AE0B-9B3B9F42D77F}.Release|Any CPU.Build.0 = Release|Any CPU
		{E9080C0B-6D11-E949-F65B-3F00343F59B9}.Debug|Any CPU.ActiveCfg = Debug|Any CPU
		{E9080C0B-6D11-E949-F65B-3F00343F59B9}.Debug|Any CPU.Build.0 = Debug|Any CPU
		{E9080C0B-6D11-E949-F65B-3F00343F59B9}.Release|Any CPU.ActiveCfg = Release|Any CPU
		{E9080C0B-6D11-E949-F65B-3F00343F59B9}.Release|Any CPU.Build.0 = Release|Any CPU
	EndGlobalSection
	GlobalSection(SolutionProperties) = preSolution
		HideSolutionNode = FALSE
	EndGlobalSection
	GlobalSection(ExtensibilityGlobals) = postSolution
		SolutionGuid = {D9949B08-9071-423D-A294-41FE980FA2BF}
	EndGlobalSection
EndGlobal
